
Microsoft Visual Studio Solution File, Format Version 12.00
# Visual Studio 15
VisualStudioVersion = 15.0.28307.421
MinimumVisualStudioVersion = 10.0.40219.1
Project("{FAE04EC0-301F-11D3-BF4B-00C04F79EFBC}") = "WMSController4", "WMSController4\WMSController4.csproj", "{FD5C9C12-2208-42C5-A448-0727A16C78CC}"
EndProject
Global
	GlobalSection(SolutionConfigurationPlatforms) = preSolution
		Debug|Any CPU = Debug|Any CPU
		Release|Any CPU = Release|Any CPU
	EndGlobalSection
	GlobalSection(ProjectConfigurationPlatforms) = postSolution
		{FD5C9C12-2208-42C5-A448-0727A16C78CC}.Debug|Any CPU.ActiveCfg = Debug|Any CPU
		{FD5C9C12-2208-42C5-A448-0727A16C78CC}.Debug|Any CPU.Build.0 = Debug|Any CPU
		{FD5C9C12-2208-42C5-A448-0727A16C78CC}.Release|Any CPU.ActiveCfg = Release|Any CPU
		{FD5C9C12-2208-42C5-A448-0727A16C78CC}.Release|Any CPU.Build.0 = Release|Any CPU
	EndGlobalSection
	GlobalSection(SolutionProperties) = preSolution
		HideSolutionNode = FALSE
	EndGlobalSection
	GlobalSection(ExtensibilityGlobals) = postSolution
		SolutionGuid = {8AF791C6-5FB9-4D00-8385-7526938C7469}
	EndGlobalSection
EndGlobal
