
Microsoft Visual Studio Solution File, Format Version 12.00
# Visual Studio 15
VisualStudioVersion = 15.0.28307.421
MinimumVisualStudioVersion = 10.0.40219.1
Project("{FAE04EC0-301F-11D3-BF4B-00C04F79EFBC}") = "WMSServices", "WMSServices\WMSServices.csproj", "{D2D5EEF9-4234-4E3B-BD11-931F6E532B45}"
EndProject
Global
	GlobalSection(SolutionConfigurationPlatforms) = preSolution
		Debug|Any CPU = Debug|Any CPU
		Release|Any CPU = Release|Any CPU
	EndGlobalSection
	GlobalSection(ProjectConfigurationPlatforms) = postSolution
		{D2D5EEF9-4234-4E3B-BD11-931F6E532B45}.Debug|Any CPU.ActiveCfg = Debug|Any CPU
		{D2D5EEF9-4234-4E3B-BD11-931F6E532B45}.Debug|Any CPU.Build.0 = Debug|Any CPU
		{D2D5EEF9-4234-4E3B-BD11-931F6E532B45}.Release|Any CPU.ActiveCfg = Release|Any CPU
		{D2D5EEF9-4234-4E3B-BD11-931F6E532B45}.Release|Any CPU.Build.0 = Release|Any CPU
	EndGlobalSection
	GlobalSection(SolutionProperties) = preSolution
		HideSolutionNode = FALSE
	EndGlobalSection
	GlobalSection(ExtensibilityGlobals) = postSolution
		SolutionGuid = {80D74DA5-924A-4C99-930A-61F8F3E89C6E}
	EndGlobalSection
EndGlobal
